
Microsoft Visual Studio Solution File, Format Version 12.00
# Visual Studio Version 17
VisualStudioVersion = 17.9.34407.89
MinimumVisualStudioVersion = 10.0.40219.1
Project("{9A19103F-16F7-4668-BE54-9A1E7A4F7556}") = "TunNetCom.SilkRoadErp.Sales.Api", "src\TunNetCom.SilkRoadErp.Sales.Api\TunNetCom.SilkRoadErp.Sales.Api.csproj", "{94A92B37-3A57-4B4C-B5F1-858C874A0DBD}"
EndProject
Project("{9A19103F-16F7-4668-BE54-9A1E7A4F7556}") = "TunNetCom.SilkRoadErp.Sales.Domain", "src\TunNetCom.SilkRoadErp.Sales.Domain\TunNetCom.SilkRoadErp.Sales.Domain.csproj", "{2856D8C7-B3EB-432C-8B96-207E2609DE01}"
EndProject
Project("{2150E333-8FDC-42A3-9474-1A3956D46DE8}") = "src", "src", "{C3AF9A58-F96B-4044-9025-363AFE51391A}"
EndProject
Project("{2150E333-8FDC-42A3-9474-1A3956D46DE8}") = "test", "test", "{5A07AFCE-8427-4F5A-9003-32EBCAA17175}"
EndProject
Project("{9A19103F-16F7-4668-BE54-9A1E7A4F7556}") = "TunNetCom.SilkRoadErp.Sales.WebApp", "src\WebApps\TunNetCom.SilkRoadErp.Sales.WebApp\TunNetCom.SilkRoadErp.Sales.WebApp.csproj", "{EC7BB35D-1121-4EC4-8148-C8466CB86513}"
EndProject
Project("{9A19103F-16F7-4668-BE54-9A1E7A4F7556}") = "TunNetCom.SilkRoadErp.Sales.Contracts", "src\TunNetCom.SilkRoadErp.Sales.Contracts\TunNetCom.SilkRoadErp.Sales.Contracts.csproj", "{9A62E0CA-E191-4D40-8F49-145FA13E6DDB}"
EndProject
Project("{9A19103F-16F7-4668-BE54-9A1E7A4F7556}") = "TunNetCom.SilkRoadErp.Sales.UnitTests", "test\TunNetCom.SilkRoadErp.Sales.UnitTests\TunNetCom.SilkRoadErp.Sales.UnitTests.csproj", "{1B179D22-49E5-4F17-A746-18C518313E39}"
EndProject
Project("{2150E333-8FDC-42A3-9474-1A3956D46DE8}") = "WebApps", "WebApps", "{750EB057-7692-4776-8B56-5B4446AA0561}"
EndProject
Project("{FAE04EC0-301F-11D3-BF4B-00C04F79EFBC}") = "TunNetCom.SilkRoadErp.Sales.HttpClients", "src\WebApps\TunNetCom.SilkRoadErp.Sales.HttpClients\TunNetCom.SilkRoadErp.Sales.HttpClients.csproj", "{A06A883D-73EC-40DD-AA67-A202CAA5F9DF}"
EndProject
Project("{FAE04EC0-301F-11D3-BF4B-00C04F79EFBC}") = "TunNetCom.SilkRoadErp.Sales.MvcWebApp", "src\WebApps\TunNetCom.SilkRoadErp.Sales.MvcWebApp\TunNetCom.SilkRoadErp.Sales.MvcWebApp.csproj", "{228ABEAC-4BDE-48F6-80EC-AA78D6240A4B}"
EndProject
Global
	GlobalSection(SolutionConfigurationPlatforms) = preSolution
		Debug|Any CPU = Debug|Any CPU
		Release|Any CPU = Release|Any CPU
	EndGlobalSection
	GlobalSection(ProjectConfigurationPlatforms) = postSolution
		{94A92B37-3A57-4B4C-B5F1-858C874A0DBD}.Debug|Any CPU.ActiveCfg = Debug|Any CPU
		{94A92B37-3A57-4B4C-B5F1-858C874A0DBD}.Debug|Any CPU.Build.0 = Debug|Any CPU
		{94A92B37-3A57-4B4C-B5F1-858C874A0DBD}.Release|Any CPU.ActiveCfg = Release|Any CPU
		{94A92B37-3A57-4B4C-B5F1-858C874A0DBD}.Release|Any CPU.Build.0 = Release|Any CPU
		{2856D8C7-B3EB-432C-8B96-207E2609DE01}.Debug|Any CPU.ActiveCfg = Debug|Any CPU
		{2856D8C7-B3EB-432C-8B96-207E2609DE01}.Debug|Any CPU.Build.0 = Debug|Any CPU
		{2856D8C7-B3EB-432C-8B96-207E2609DE01}.Release|Any CPU.ActiveCfg = Release|Any CPU
		{2856D8C7-B3EB-432C-8B96-207E2609DE01}.Release|Any CPU.Build.0 = Release|Any CPU
		{EC7BB35D-1121-4EC4-8148-C8466CB86513}.Debug|Any CPU.ActiveCfg = Debug|Any CPU
		{EC7BB35D-1121-4EC4-8148-C8466CB86513}.Debug|Any CPU.Build.0 = Debug|Any CPU
		{EC7BB35D-1121-4EC4-8148-C8466CB86513}.Release|Any CPU.ActiveCfg = Release|Any CPU
		{EC7BB35D-1121-4EC4-8148-C8466CB86513}.Release|Any CPU.Build.0 = Release|Any CPU
		{9A62E0CA-E191-4D40-8F49-145FA13E6DDB}.Debug|Any CPU.ActiveCfg = Debug|Any CPU
		{9A62E0CA-E191-4D40-8F49-145FA13E6DDB}.Debug|Any CPU.Build.0 = Debug|Any CPU
		{9A62E0CA-E191-4D40-8F49-145FA13E6DDB}.Release|Any CPU.ActiveCfg = Release|Any CPU
		{9A62E0CA-E191-4D40-8F49-145FA13E6DDB}.Release|Any CPU.Build.0 = Release|Any CPU
		{1B179D22-49E5-4F17-A746-18C518313E39}.Debug|Any CPU.ActiveCfg = Debug|Any CPU
		{1B179D22-49E5-4F17-A746-18C518313E39}.Debug|Any CPU.Build.0 = Debug|Any CPU
		{1B179D22-49E5-4F17-A746-18C518313E39}.Release|Any CPU.ActiveCfg = Release|Any CPU
		{1B179D22-49E5-4F17-A746-18C518313E39}.Release|Any CPU.Build.0 = Release|Any CPU
		{A06A883D-73EC-40DD-AA67-A202CAA5F9DF}.Debug|Any CPU.ActiveCfg = Debug|Any CPU
		{A06A883D-73EC-40DD-AA67-A202CAA5F9DF}.Debug|Any CPU.Build.0 = Debug|Any CPU
		{A06A883D-73EC-40DD-AA67-A202CAA5F9DF}.Release|Any CPU.ActiveCfg = Release|Any CPU
		{A06A883D-73EC-40DD-AA67-A202CAA5F9DF}.Release|Any CPU.Build.0 = Release|Any CPU
		{228ABEAC-4BDE-48F6-80EC-AA78D6240A4B}.Debug|Any CPU.ActiveCfg = Debug|Any CPU
		{228ABEAC-4BDE-48F6-80EC-AA78D6240A4B}.Debug|Any CPU.Build.0 = Debug|Any CPU
		{228ABEAC-4BDE-48F6-80EC-AA78D6240A4B}.Release|Any CPU.ActiveCfg = Release|Any CPU
		{228ABEAC-4BDE-48F6-80EC-AA78D6240A4B}.Release|Any CPU.Build.0 = Release|Any CPU
	EndGlobalSection
	GlobalSection(SolutionProperties) = preSolution
		HideSolutionNode = FALSE
	EndGlobalSection
	GlobalSection(NestedProjects) = preSolution
		{94A92B37-3A57-4B4C-B5F1-858C874A0DBD} = {C3AF9A58-F96B-4044-9025-363AFE51391A}
		{2856D8C7-B3EB-432C-8B96-207E2609DE01} = {C3AF9A58-F96B-4044-9025-363AFE51391A}
		{EC7BB35D-1121-4EC4-8148-C8466CB86513} = {750EB057-7692-4776-8B56-5B4446AA0561}
		{9A62E0CA-E191-4D40-8F49-145FA13E6DDB} = {C3AF9A58-F96B-4044-9025-363AFE51391A}
		{1B179D22-49E5-4F17-A746-18C518313E39} = {5A07AFCE-8427-4F5A-9003-32EBCAA17175}
		{750EB057-7692-4776-8B56-5B4446AA0561} = {C3AF9A58-F96B-4044-9025-363AFE51391A}
		{A06A883D-73EC-40DD-AA67-A202CAA5F9DF} = {750EB057-7692-4776-8B56-5B4446AA0561}
		{228ABEAC-4BDE-48F6-80EC-AA78D6240A4B} = {750EB057-7692-4776-8B56-5B4446AA0561}
	EndGlobalSection
	GlobalSection(ExtensibilityGlobals) = postSolution
		SolutionGuid = {43421668-53C5-4D00-AC8D-2D7150CE1FA2}
	EndGlobalSection
EndGlobal
