Microsoft Visual Studio Solution File, Format Version 12.00
# Visual Studio Version 18
VisualStudioVersion = 18.0.11018.127
MinimumVisualStudioVersion = 10.0.40219.1
Project("{9A19103F-16F7-4668-BE54-9A1E7A4F7556}") = "TunNetCom.SilkRoadErp.Sales.Api", "src\Modules\Sales\TunNetCom.SilkRoadErp.Sales.Api\TunNetCom.SilkRoadErp.Sales.Api.csproj", "{94A92B37-3A57-4B4C-B5F1-858C874A0DBD}"
EndProject
Project("{9A19103F-16F7-4668-BE54-9A1E7A4F7556}") = "TunNetCom.SilkRoadErp.Sales.Domain", "src\Modules\Sales\TunNetCom.SilkRoadErp.Sales.Domain\TunNetCom.SilkRoadErp.Sales.Domain.csproj", "{2856D8C7-B3EB-432C-8B96-207E2609DE01}"
EndProject
Project("{2150E333-8FDC-42A3-9474-1A3956D46DE8}") = "src", "src", "{C3AF9A58-F96B-4044-9025-363AFE51391A}"
EndProject
Project("{2150E333-8FDC-42A3-9474-1A3956D46DE8}") = "test", "test", "{5A07AFCE-8427-4F5A-9003-32EBCAA17175}"
EndProject
Project("{2150E333-8FDC-42A3-9474-1A3956D46DE8}") = "Modules", "Modules", "{E8E8E8E8-8888-8888-8888-888888888888}"
EndProject
Project("{2150E333-8FDC-42A3-9474-1A3956D46DE8}") = "Sales", "Sales", "{F9F9F9F9-9999-9999-9999-999999999999}"
EndProject
Project("{2150E333-8FDC-42A3-9474-1A3956D46DE8}") = "Modules", "Modules", "{A0A0A0A0-A0A0-A0A0-A0A0-A0A0A0A0A0A0}"
EndProject
Project("{2150E333-8FDC-42A3-9474-1A3956D46DE8}") = "Sales", "Sales", "{B1B1B1B1-B1B1-B1B1-B1B1-B1B1B1B1B1B1}"
EndProject
Project("{9A19103F-16F7-4668-BE54-9A1E7A4F7556}") = "TunNetCom.SilkRoadErp.Sales.WebApp", "src\Modules\Sales\TunNetCom.SilkRoadErp.Sales.WebApp\TunNetCom.SilkRoadErp.Sales.WebApp.csproj", "{EC7BB35D-1121-4EC4-8148-C8466CB86513}"
EndProject
Project("{9A19103F-16F7-4668-BE54-9A1E7A4F7556}") = "TunNetCom.SilkRoadErp.Sales.Contracts", "src\Modules\Sales\TunNetCom.SilkRoadErp.Sales.Contracts\TunNetCom.SilkRoadErp.Sales.Contracts.csproj", "{9A62E0CA-E191-4D40-8F49-145FA13E6DDB}"
EndProject
Project("{9A19103F-16F7-4668-BE54-9A1E7A4F7556}") = "TunNetCom.SilkRoadErp.Sales.UnitTests", "test\Modules\Sales\TunNetCom.SilkRoadErp.Sales.UnitTests\TunNetCom.SilkRoadErp.Sales.UnitTests.csproj", "{1B179D22-49E5-4F17-A746-18C518313E39}"
EndProject
Project("{FAE04EC0-301F-11D3-BF4B-00C04F79EFBC}") = "TunNetCom.SilkRoadErp.Sales.HttpClients", "src\Modules\Sales\TunNetCom.SilkRoadErp.Sales.HttpClients\TunNetCom.SilkRoadErp.Sales.HttpClients.csproj", "{A06A883D-73EC-40DD-AA67-A202CAA5F9DF}"
EndProject
Project("{2150E333-8FDC-42A3-9474-1A3956D46DE8}") = "SharedKernel", "SharedKernel", "{40DDBBCB-6FE2-CDA5-27FA-EB41DA00CD8D}"
EndProject
Project("{FAE04EC0-301F-11D3-BF4B-00C04F79EFBC}") = "TunNetCom.SilkRoadErp.SharedKernel", "src\SharedKernel\TunNetCom.SilkRoadErp.SharedKernel\TunNetCom.SilkRoadErp.SharedKernel.csproj", "{129AA0AD-3EC2-4426-8B27-81F4617420DF}"
EndProject
Project("{2150E333-8FDC-42A3-9474-1A3956D46DE8}") = "Infrastructure", "Infrastructure", "{E7FBF537-6E36-89AB-8E60-50FC035F648F}"
EndProject
Project("{FAE04EC0-301F-11D3-BF4B-00C04F79EFBC}") = "TunNetCom.SilkRoadErp.Infrastructure.Caching", "src\SharedKernel\Infrastructure\TunNetCom.SilkRoadErp.Infrastructure.Caching\TunNetCom.SilkRoadErp.Infrastructure.Caching.csproj", "{598A2ECB-29AC-4345-B5E6-D8AB927D4289}"
EndProject
Project("{FAE04EC0-301F-11D3-BF4B-00C04F79EFBC}") = "TunNetCom.SilkRoadErp.Infrastructure.MultiTenancy", "src\SharedKernel\Infrastructure\TunNetCom.SilkRoadErp.Infrastructure.MultiTenancy\TunNetCom.SilkRoadErp.Infrastructure.MultiTenancy.csproj", "{42DB2176-3046-4BE6-A4C0-428400328E7E}"
EndProject
Project("{2150E333-8FDC-42A3-9474-1A3956D46DE8}") = "Administration", "Administration", "{664B3E25-5563-535D-25E7-37744944AB23}"
EndProject
Project("{FAE04EC0-301F-11D3-BF4B-00C04F79EFBC}") = "TunNetCom.SilkRoadErp.Administration.Domain", "src\Administration\TunNetCom.SilkRoadErp.Administration.Domain\TunNetCom.SilkRoadErp.Administration.Domain.csproj", "{1593AC17-25E0-4F27-B373-AF913F6693FD}"
EndProject
Project("{FAE04EC0-301F-11D3-BF4B-00C04F79EFBC}") = "TunNetCom.SilkRoadErp.Administration.Contracts", "src\Administration\TunNetCom.SilkRoadErp.Administration.Contracts\TunNetCom.SilkRoadErp.Administration.Contracts.csproj", "{6ACFCF86-809A-4302-986C-E9C0F68996AE}"
EndProject
Project("{FAE04EC0-301F-11D3-BF4B-00C04F79EFBC}") = "TunNetCom.SilkRoadErp.Administration.Api", "src\Administration\TunNetCom.SilkRoadErp.Administration.Api\TunNetCom.SilkRoadErp.Administration.Api.csproj", "{1259A7EF-6DA3-4D4A-B3C4-11F66C2DF204}"
EndProject
Project("{FAE04EC0-301F-11D3-BF4B-00C04F79EFBC}") = "TunNetCom.SilkRoadErp.Administration.HttpClients", "src\Administration\TunNetCom.SilkRoadErp.Administration.HttpClients\TunNetCom.SilkRoadErp.Administration.HttpClients.csproj", "{E6BABA48-28E9-4089-9DBB-815C5439C806}"
EndProject
Project("{FAE04EC0-301F-11D3-BF4B-00C04F79EFBC}") = "TunNetCom.SilkRoadErp.Administration.WebApp", "src\Administration\TunNetCom.SilkRoadErp.Administration.WebApp\TunNetCom.SilkRoadErp.Administration.WebApp.csproj", "{A1B2C3D4-E5F6-7890-ABCD-EF1234567890}"
EndProject
Project("{FAE04EC0-301F-11D3-BF4B-00C04F79EFBC}") = "TunNetCom.SilkRoadErp.TenantSetup.WebApp", "src\Administration\TunNetCom.SilkRoadErp.TenantSetup.WebApp\TunNetCom.SilkRoadErp.TenantSetup.WebApp.csproj", "{B2C3D4E5-F6A7-8901-BCDE-F12345678901}"
EndProject
Project("{FAE04EC0-301F-11D3-BF4B-00C04F79EFBC}") = "TunNetCom.SilkRoadErp.Infrastructure.MultiTenancy.Tests", "test\TunNetCom.SilkRoadErp.Infrastructure.MultiTenancy.Tests\TunNetCom.SilkRoadErp.Infrastructure.MultiTenancy.Tests.csproj", "{79870529-EED6-485F-A4EE-E6BB039AF204}"
EndProject
Project("{2150E333-8FDC-42A3-9474-1A3956D46DE8}") = "Aspire", "Aspire", "{D1D1D1D1-D1D1-D1D1-D1D1-D1D1D1D1D1D1}"
EndProject
Project("{FAE04EC0-301F-11D3-BF4B-00C04F79EFBC}") = "TunNetCom.SilkRoadErp.ServiceDefaults", "src\Aspire\TunNetCom.SilkRoadErp.ServiceDefaults\TunNetCom.SilkRoadErp.ServiceDefaults.csproj", "{C2C2C2C2-C2C2-C2C2-C2C2-C2C2C2C2C2C2}"
EndProject
Project("{FAE04EC0-301F-11D3-BF4B-00C04F79EFBC}") = "TunNetCom.SilkRoadErp.AppHost", "src\Aspire\TunNetCom.SilkRoadErp.AppHost\TunNetCom.SilkRoadErp.AppHost.csproj", "{D3D3D3D3-D3D3-D3D3-D3D3-D3D3D3D3D3D3}"
EndProject
Global
	GlobalSection(SolutionConfigurationPlatforms) = preSolution
		Debug|Any CPU = Debug|Any CPU
		Debug|x64 = Debug|x64
		Debug|x86 = Debug|x86
		Release|Any CPU = Release|Any CPU
		Release|x64 = Release|x64
		Release|x86 = Release|x86
	EndGlobalSection
	GlobalSection(ProjectConfigurationPlatforms) = postSolution
		{94A92B37-3A57-4B4C-B5F1-858C874A0DBD}.Debug|Any CPU.ActiveCfg = Debug|Any CPU
		{94A92B37-3A57-4B4C-B5F1-858C874A0DBD}.Debug|Any CPU.Build.0 = Debug|Any CPU
		{94A92B37-3A57-4B4C-B5F1-858C874A0DBD}.Debug|x64.ActiveCfg = Debug|Any CPU
		{94A92B37-3A57-4B4C-B5F1-858C874A0DBD}.Debug|x64.Build.0 = Debug|Any CPU
		{94A92B37-3A57-4B4C-B5F1-858C874A0DBD}.Debug|x86.ActiveCfg = Debug|Any CPU
		{94A92B37-3A57-4B4C-B5F1-858C874A0DBD}.Debug|x86.Build.0 = Debug|Any CPU
		{94A92B37-3A57-4B4C-B5F1-858C874A0DBD}.Release|Any CPU.ActiveCfg = Release|Any CPU
		{94A92B37-3A57-4B4C-B5F1-858C874A0DBD}.Release|Any CPU.Build.0 = Release|Any CPU
		{94A92B37-3A57-4B4C-B5F1-858C874A0DBD}.Release|x64.ActiveCfg = Release|Any CPU
		{94A92B37-3A57-4B4C-B5F1-858C874A0DBD}.Release|x64.Build.0 = Release|Any CPU
		{94A92B37-3A57-4B4C-B5F1-858C874A0DBD}.Release|x86.ActiveCfg = Release|Any CPU
		{94A92B37-3A57-4B4C-B5F1-858C874A0DBD}.Release|x86.Build.0 = Release|Any CPU
		{2856D8C7-B3EB-432C-8B96-207E2609DE01}.Debug|Any CPU.ActiveCfg = Debug|Any CPU
		{2856D8C7-B3EB-432C-8B96-207E2609DE01}.Debug|Any CPU.Build.0 = Debug|Any CPU
		{2856D8C7-B3EB-432C-8B96-207E2609DE01}.Debug|x64.ActiveCfg = Debug|Any CPU
		{2856D8C7-B3EB-432C-8B96-207E2609DE01}.Debug|x64.Build.0 = Debug|Any CPU
		{2856D8C7-B3EB-432C-8B96-207E2609DE01}.Debug|x86.ActiveCfg = Debug|Any CPU
		{2856D8C7-B3EB-432C-8B96-207E2609DE01}.Debug|x86.Build.0 = Debug|Any CPU
		{2856D8C7-B3EB-432C-8B96-207E2609DE01}.Release|Any CPU.ActiveCfg = Release|Any CPU
		{2856D8C7-B3EB-432C-8B96-207E2609DE01}.Release|Any CPU.Build.0 = Release|Any CPU
		{2856D8C7-B3EB-432C-8B96-207E2609DE01}.Release|x64.ActiveCfg = Release|Any CPU
		{2856D8C7-B3EB-432C-8B96-207E2609DE01}.Release|x64.Build.0 = Release|Any CPU
		{2856D8C7-B3EB-432C-8B96-207E2609DE01}.Release|x86.ActiveCfg = Release|Any CPU
		{2856D8C7-B3EB-432C-8B96-207E2609DE01}.Release|x86.Build.0 = Release|Any CPU
		{EC7BB35D-1121-4EC4-8148-C8466CB86513}.Debug|Any CPU.ActiveCfg = Debug|Any CPU
		{EC7BB35D-1121-4EC4-8148-C8466CB86513}.Debug|Any CPU.Build.0 = Debug|Any CPU
		{EC7BB35D-1121-4EC4-8148-C8466CB86513}.Debug|x64.ActiveCfg = Debug|Any CPU
		{EC7BB35D-1121-4EC4-8148-C8466CB86513}.Debug|x64.Build.0 = Debug|Any CPU
		{EC7BB35D-1121-4EC4-8148-C8466CB86513}.Debug|x86.ActiveCfg = Debug|Any CPU
		{EC7BB35D-1121-4EC4-8148-C8466CB86513}.Debug|x86.Build.0 = Debug|Any CPU
		{EC7BB35D-1121-4EC4-8148-C8466CB86513}.Release|Any CPU.ActiveCfg = Release|Any CPU
		{EC7BB35D-1121-4EC4-8148-C8466CB86513}.Release|Any CPU.Build.0 = Release|Any CPU
		{EC7BB35D-1121-4EC4-8148-C8466CB86513}.Release|x64.ActiveCfg = Release|Any CPU
		{EC7BB35D-1121-4EC4-8148-C8466CB86513}.Release|x64.Build.0 = Release|Any CPU
		{EC7BB35D-1121-4EC4-8148-C8466CB86513}.Release|x86.ActiveCfg = Release|Any CPU
		{EC7BB35D-1121-4EC4-8148-C8466CB86513}.Release|x86.Build.0 = Release|Any CPU
		{9A62E0CA-E191-4D40-8F49-145FA13E6DDB}.Debug|Any CPU.ActiveCfg = Debug|Any CPU
		{9A62E0CA-E191-4D40-8F49-145FA13E6DDB}.Debug|Any CPU.Build.0 = Debug|Any CPU
		{9A62E0CA-E191-4D40-8F49-145FA13E6DDB}.Debug|x64.ActiveCfg = Debug|Any CPU
		{9A62E0CA-E191-4D40-8F49-145FA13E6DDB}.Debug|x64.Build.0 = Debug|Any CPU
		{9A62E0CA-E191-4D40-8F49-145FA13E6DDB}.Debug|x86.ActiveCfg = Debug|Any CPU
		{9A62E0CA-E191-4D40-8F49-145FA13E6DDB}.Debug|x86.Build.0 = Debug|Any CPU
		{9A62E0CA-E191-4D40-8F49-145FA13E6DDB}.Release|Any CPU.ActiveCfg = Release|Any CPU
		{9A62E0CA-E191-4D40-8F49-145FA13E6DDB}.Release|Any CPU.Build.0 = Release|Any CPU
		{9A62E0CA-E191-4D40-8F49-145FA13E6DDB}.Release|x64.ActiveCfg = Release|Any CPU
		{9A62E0CA-E191-4D40-8F49-145FA13E6DDB}.Release|x64.Build.0 = Release|Any CPU
		{9A62E0CA-E191-4D40-8F49-145FA13E6DDB}.Release|x86.ActiveCfg = Release|Any CPU
		{9A62E0CA-E191-4D40-8F49-145FA13E6DDB}.Release|x86.Build.0 = Release|Any CPU
		{1B179D22-49E5-4F17-A746-18C518313E39}.Debug|Any CPU.ActiveCfg = Debug|Any CPU
		{1B179D22-49E5-4F17-A746-18C518313E39}.Debug|Any CPU.Build.0 = Debug|Any CPU
		{1B179D22-49E5-4F17-A746-18C518313E39}.Debug|x64.ActiveCfg = Debug|Any CPU
		{1B179D22-49E5-4F17-A746-18C518313E39}.Debug|x64.Build.0 = Debug|Any CPU
		{1B179D22-49E5-4F17-A746-18C518313E39}.Debug|x86.ActiveCfg = Debug|Any CPU
		{1B179D22-49E5-4F17-A746-18C518313E39}.Debug|x86.Build.0 = Debug|Any CPU
		{1B179D22-49E5-4F17-A746-18C518313E39}.Release|Any CPU.ActiveCfg = Release|Any CPU
		{1B179D22-49E5-4F17-A746-18C518313E39}.Release|Any CPU.Build.0 = Release|Any CPU
		{1B179D22-49E5-4F17-A746-18C518313E39}.Release|x64.ActiveCfg = Release|Any CPU
		{1B179D22-49E5-4F17-A746-18C518313E39}.Release|x64.Build.0 = Release|Any CPU
		{1B179D22-49E5-4F17-A746-18C518313E39}.Release|x86.ActiveCfg = Release|Any CPU
		{1B179D22-49E5-4F17-A746-18C518313E39}.Release|x86.Build.0 = Release|Any CPU
		{A06A883D-73EC-40DD-AA67-A202CAA5F9DF}.Debug|Any CPU.ActiveCfg = Debug|Any CPU
		{A06A883D-73EC-40DD-AA67-A202CAA5F9DF}.Debug|Any CPU.Build.0 = Debug|Any CPU
		{A06A883D-73EC-40DD-AA67-A202CAA5F9DF}.Debug|x64.ActiveCfg = Debug|Any CPU
		{A06A883D-73EC-40DD-AA67-A202CAA5F9DF}.Debug|x64.Build.0 = Debug|Any CPU
		{A06A883D-73EC-40DD-AA67-A202CAA5F9DF}.Debug|x86.ActiveCfg = Debug|Any CPU
		{A06A883D-73EC-40DD-AA67-A202CAA5F9DF}.Debug|x86.Build.0 = Debug|Any CPU
		{A06A883D-73EC-40DD-AA67-A202CAA5F9DF}.Release|Any CPU.ActiveCfg = Release|Any CPU
		{A06A883D-73EC-40DD-AA67-A202CAA5F9DF}.Release|Any CPU.Build.0 = Release|Any CPU
		{A06A883D-73EC-40DD-AA67-A202CAA5F9DF}.Release|x64.ActiveCfg = Release|Any CPU
		{A06A883D-73EC-40DD-AA67-A202CAA5F9DF}.Release|x64.Build.0 = Release|Any CPU
		{A06A883D-73EC-40DD-AA67-A202CAA5F9DF}.Release|x86.ActiveCfg = Release|Any CPU
		{A06A883D-73EC-40DD-AA67-A202CAA5F9DF}.Release|x86.Build.0 = Release|Any CPU
		{129AA0AD-3EC2-4426-8B27-81F4617420DF}.Debug|Any CPU.ActiveCfg = Debug|Any CPU
		{129AA0AD-3EC2-4426-8B27-81F4617420DF}.Debug|Any CPU.Build.0 = Debug|Any CPU
		{129AA0AD-3EC2-4426-8B27-81F4617420DF}.Debug|x64.ActiveCfg = Debug|Any CPU
		{129AA0AD-3EC2-4426-8B27-81F4617420DF}.Debug|x64.Build.0 = Debug|Any CPU
		{129AA0AD-3EC2-4426-8B27-81F4617420DF}.Debug|x86.ActiveCfg = Debug|Any CPU
		{129AA0AD-3EC2-4426-8B27-81F4617420DF}.Debug|x86.Build.0 = Debug|Any CPU
		{129AA0AD-3EC2-4426-8B27-81F4617420DF}.Release|Any CPU.ActiveCfg = Release|Any CPU
		{129AA0AD-3EC2-4426-8B27-81F4617420DF}.Release|Any CPU.Build.0 = Release|Any CPU
		{129AA0AD-3EC2-4426-8B27-81F4617420DF}.Release|x64.ActiveCfg = Release|Any CPU
		{129AA0AD-3EC2-4426-8B27-81F4617420DF}.Release|x64.Build.0 = Release|Any CPU
		{129AA0AD-3EC2-4426-8B27-81F4617420DF}.Release|x86.ActiveCfg = Release|Any CPU
		{129AA0AD-3EC2-4426-8B27-81F4617420DF}.Release|x86.Build.0 = Release|Any CPU
		{598A2ECB-29AC-4345-B5E6-D8AB927D4289}.Debug|Any CPU.ActiveCfg = Debug|Any CPU
		{598A2ECB-29AC-4345-B5E6-D8AB927D4289}.Debug|Any CPU.Build.0 = Debug|Any CPU
		{598A2ECB-29AC-4345-B5E6-D8AB927D4289}.Debug|x64.ActiveCfg = Debug|Any CPU
		{598A2ECB-29AC-4345-B5E6-D8AB927D4289}.Debug|x64.Build.0 = Debug|Any CPU
		{598A2ECB-29AC-4345-B5E6-D8AB927D4289}.Debug|x86.ActiveCfg = Debug|Any CPU
		{598A2ECB-29AC-4345-B5E6-D8AB927D4289}.Debug|x86.Build.0 = Debug|Any CPU
		{598A2ECB-29AC-4345-B5E6-D8AB927D4289}.Release|Any CPU.ActiveCfg = Release|Any CPU
		{598A2ECB-29AC-4345-B5E6-D8AB927D4289}.Release|Any CPU.Build.0 = Release|Any CPU
		{598A2ECB-29AC-4345-B5E6-D8AB927D4289}.Release|x64.ActiveCfg = Release|Any CPU
		{598A2ECB-29AC-4345-B5E6-D8AB927D4289}.Release|x64.Build.0 = Release|Any CPU
		{598A2ECB-29AC-4345-B5E6-D8AB927D4289}.Release|x86.ActiveCfg = Release|Any CPU
		{598A2ECB-29AC-4345-B5E6-D8AB927D4289}.Release|x86.Build.0 = Release|Any CPU
		{42DB2176-3046-4BE6-A4C0-428400328E7E}.Debug|Any CPU.ActiveCfg = Debug|Any CPU
		{42DB2176-3046-4BE6-A4C0-428400328E7E}.Debug|Any CPU.Build.0 = Debug|Any CPU
		{42DB2176-3046-4BE6-A4C0-428400328E7E}.Debug|x64.ActiveCfg = Debug|Any CPU
		{42DB2176-3046-4BE6-A4C0-428400328E7E}.Debug|x64.Build.0 = Debug|Any CPU
		{42DB2176-3046-4BE6-A4C0-428400328E7E}.Debug|x86.ActiveCfg = Debug|Any CPU
		{42DB2176-3046-4BE6-A4C0-428400328E7E}.Debug|x86.Build.0 = Debug|Any CPU
		{42DB2176-3046-4BE6-A4C0-428400328E7E}.Release|Any CPU.ActiveCfg = Release|Any CPU
		{42DB2176-3046-4BE6-A4C0-428400328E7E}.Release|Any CPU.Build.0 = Release|Any CPU
		{42DB2176-3046-4BE6-A4C0-428400328E7E}.Release|x64.ActiveCfg = Release|Any CPU
		{42DB2176-3046-4BE6-A4C0-428400328E7E}.Release|x64.Build.0 = Release|Any CPU
		{42DB2176-3046-4BE6-A4C0-428400328E7E}.Release|x86.ActiveCfg = Release|Any CPU
		{42DB2176-3046-4BE6-A4C0-428400328E7E}.Release|x86.Build.0 = Release|Any CPU
		{1593AC17-25E0-4F27-B373-AF913F6693FD}.Debug|Any CPU.ActiveCfg = Debug|Any CPU
		{1593AC17-25E0-4F27-B373-AF913F6693FD}.Debug|Any CPU.Build.0 = Debug|Any CPU
		{1593AC17-25E0-4F27-B373-AF913F6693FD}.Debug|x64.ActiveCfg = Debug|Any CPU
		{1593AC17-25E0-4F27-B373-AF913F6693FD}.Debug|x64.Build.0 = Debug|Any CPU
		{1593AC17-25E0-4F27-B373-AF913F6693FD}.Debug|x86.ActiveCfg = Debug|Any CPU
		{1593AC17-25E0-4F27-B373-AF913F6693FD}.Debug|x86.Build.0 = Debug|Any CPU
		{1593AC17-25E0-4F27-B373-AF913F6693FD}.Release|Any CPU.ActiveCfg = Release|Any CPU
		{1593AC17-25E0-4F27-B373-AF913F6693FD}.Release|Any CPU.Build.0 = Release|Any CPU
		{1593AC17-25E0-4F27-B373-AF913F6693FD}.Release|x64.ActiveCfg = Release|Any CPU
		{1593AC17-25E0-4F27-B373-AF913F6693FD}.Release|x64.Build.0 = Release|Any CPU
		{1593AC17-25E0-4F27-B373-AF913F6693FD}.Release|x86.ActiveCfg = Release|Any CPU
		{1593AC17-25E0-4F27-B373-AF913F6693FD}.Release|x86.Build.0 = Release|Any CPU
		{6ACFCF86-809A-4302-986C-E9C0F68996AE}.Debug|Any CPU.ActiveCfg = Debug|Any CPU
		{6ACFCF86-809A-4302-986C-E9C0F68996AE}.Debug|Any CPU.Build.0 = Debug|Any CPU
		{6ACFCF86-809A-4302-986C-E9C0F68996AE}.Debug|x64.ActiveCfg = Debug|Any CPU
		{6ACFCF86-809A-4302-986C-E9C0F68996AE}.Debug|x64.Build.0 = Debug|Any CPU
		{6ACFCF86-809A-4302-986C-E9C0F68996AE}.Debug|x86.ActiveCfg = Debug|Any CPU
		{6ACFCF86-809A-4302-986C-E9C0F68996AE}.Debug|x86.Build.0 = Debug|Any CPU
		{6ACFCF86-809A-4302-986C-E9C0F68996AE}.Release|Any CPU.ActiveCfg = Release|Any CPU
		{6ACFCF86-809A-4302-986C-E9C0F68996AE}.Release|Any CPU.Build.0 = Release|Any CPU
		{6ACFCF86-809A-4302-986C-E9C0F68996AE}.Release|x64.ActiveCfg = Release|Any CPU
		{6ACFCF86-809A-4302-986C-E9C0F68996AE}.Release|x64.Build.0 = Release|Any CPU
		{6ACFCF86-809A-4302-986C-E9C0F68996AE}.Release|x86.ActiveCfg = Release|Any CPU
		{6ACFCF86-809A-4302-986C-E9C0F68996AE}.Release|x86.Build.0 = Release|Any CPU
		{1259A7EF-6DA3-4D4A-B3C4-11F66C2DF204}.Debug|Any CPU.ActiveCfg = Debug|Any CPU
		{1259A7EF-6DA3-4D4A-B3C4-11F66C2DF204}.Debug|Any CPU.Build.0 = Debug|Any CPU
		{1259A7EF-6DA3-4D4A-B3C4-11F66C2DF204}.Debug|x64.ActiveCfg = Debug|Any CPU
		{1259A7EF-6DA3-4D4A-B3C4-11F66C2DF204}.Debug|x64.Build.0 = Debug|Any CPU
		{1259A7EF-6DA3-4D4A-B3C4-11F66C2DF204}.Debug|x86.ActiveCfg = Debug|Any CPU
		{1259A7EF-6DA3-4D4A-B3C4-11F66C2DF204}.Debug|x86.Build.0 = Debug|Any CPU
		{1259A7EF-6DA3-4D4A-B3C4-11F66C2DF204}.Release|Any CPU.ActiveCfg = Release|Any CPU
		{1259A7EF-6DA3-4D4A-B3C4-11F66C2DF204}.Release|Any CPU.Build.0 = Release|Any CPU
		{1259A7EF-6DA3-4D4A-B3C4-11F66C2DF204}.Release|x64.ActiveCfg = Release|Any CPU
		{1259A7EF-6DA3-4D4A-B3C4-11F66C2DF204}.Release|x64.Build.0 = Release|Any CPU
		{1259A7EF-6DA3-4D4A-B3C4-11F66C2DF204}.Release|x86.ActiveCfg = Release|Any CPU
		{1259A7EF-6DA3-4D4A-B3C4-11F66C2DF204}.Release|x86.Build.0 = Release|Any CPU
		{E6BABA48-28E9-4089-9DBB-815C5439C806}.Debug|Any CPU.ActiveCfg = Debug|Any CPU
		{E6BABA48-28E9-4089-9DBB-815C5439C806}.Debug|Any CPU.Build.0 = Debug|Any CPU
		{E6BABA48-28E9-4089-9DBB-815C5439C806}.Debug|x64.ActiveCfg = Debug|Any CPU
		{E6BABA48-28E9-4089-9DBB-815C5439C806}.Debug|x64.Build.0 = Debug|Any CPU
		{E6BABA48-28E9-4089-9DBB-815C5439C806}.Debug|x86.ActiveCfg = Debug|Any CPU
		{E6BABA48-28E9-4089-9DBB-815C5439C806}.Debug|x86.Build.0 = Debug|Any CPU
		{E6BABA48-28E9-4089-9DBB-815C5439C806}.Release|Any CPU.ActiveCfg = Release|Any CPU
		{E6BABA48-28E9-4089-9DBB-815C5439C806}.Release|Any CPU.Build.0 = Release|Any CPU
		{E6BABA48-28E9-4089-9DBB-815C5439C806}.Release|x64.ActiveCfg = Release|Any CPU
		{E6BABA48-28E9-4089-9DBB-815C5439C806}.Release|x64.Build.0 = Release|Any CPU
		{E6BABA48-28E9-4089-9DBB-815C5439C806}.Release|x86.ActiveCfg = Release|Any CPU
		{E6BABA48-28E9-4089-9DBB-815C5439C806}.Release|x86.Build.0 = Release|Any CPU
		{A1B2C3D4-E5F6-7890-ABCD-EF1234567890}.Debug|Any CPU.ActiveCfg = Debug|Any CPU
		{A1B2C3D4-E5F6-7890-ABCD-EF1234567890}.Debug|Any CPU.Build.0 = Debug|Any CPU
		{A1B2C3D4-E5F6-7890-ABCD-EF1234567890}.Debug|x64.ActiveCfg = Debug|Any CPU
		{A1B2C3D4-E5F6-7890-ABCD-EF1234567890}.Debug|x64.Build.0 = Debug|Any CPU
		{A1B2C3D4-E5F6-7890-ABCD-EF1234567890}.Debug|x86.ActiveCfg = Debug|Any CPU
		{A1B2C3D4-E5F6-7890-ABCD-EF1234567890}.Debug|x86.Build.0 = Debug|Any CPU
		{A1B2C3D4-E5F6-7890-ABCD-EF1234567890}.Release|Any CPU.ActiveCfg = Release|Any CPU
		{A1B2C3D4-E5F6-7890-ABCD-EF1234567890}.Release|Any CPU.Build.0 = Release|Any CPU
		{A1B2C3D4-E5F6-7890-ABCD-EF1234567890}.Release|x64.ActiveCfg = Release|Any CPU
		{A1B2C3D4-E5F6-7890-ABCD-EF1234567890}.Release|x64.Build.0 = Release|Any CPU
		{A1B2C3D4-E5F6-7890-ABCD-EF1234567890}.Release|x86.ActiveCfg = Release|Any CPU
		{A1B2C3D4-E5F6-7890-ABCD-EF1234567890}.Release|x86.Build.0 = Release|Any CPU
		{B2C3D4E5-F6A7-8901-BCDE-F12345678901}.Debug|Any CPU.ActiveCfg = Debug|Any CPU
		{B2C3D4E5-F6A7-8901-BCDE-F12345678901}.Debug|Any CPU.Build.0 = Debug|Any CPU
		{B2C3D4E5-F6A7-8901-BCDE-F12345678901}.Debug|x64.ActiveCfg = Debug|Any CPU
		{B2C3D4E5-F6A7-8901-BCDE-F12345678901}.Debug|x64.Build.0 = Debug|Any CPU
		{B2C3D4E5-F6A7-8901-BCDE-F12345678901}.Debug|x86.ActiveCfg = Debug|Any CPU
		{B2C3D4E5-F6A7-8901-BCDE-F12345678901}.Debug|x86.Build.0 = Debug|Any CPU
		{B2C3D4E5-F6A7-8901-BCDE-F12345678901}.Release|Any CPU.ActiveCfg = Release|Any CPU
		{B2C3D4E5-F6A7-8901-BCDE-F12345678901}.Release|Any CPU.Build.0 = Release|Any CPU
		{B2C3D4E5-F6A7-8901-BCDE-F12345678901}.Release|x64.ActiveCfg = Release|Any CPU
		{B2C3D4E5-F6A7-8901-BCDE-F12345678901}.Release|x64.Build.0 = Release|Any CPU
		{B2C3D4E5-F6A7-8901-BCDE-F12345678901}.Release|x86.ActiveCfg = Release|Any CPU
		{B2C3D4E5-F6A7-8901-BCDE-F12345678901}.Release|x86.Build.0 = Release|Any CPU
		{79870529-EED6-485F-A4EE-E6BB039AF204}.Debug|Any CPU.ActiveCfg = Debug|Any CPU
		{79870529-EED6-485F-A4EE-E6BB039AF204}.Debug|Any CPU.Build.0 = Debug|Any CPU
		{79870529-EED6-485F-A4EE-E6BB039AF204}.Debug|x64.ActiveCfg = Debug|Any CPU
		{79870529-EED6-485F-A4EE-E6BB039AF204}.Debug|x64.Build.0 = Debug|Any CPU
		{79870529-EED6-485F-A4EE-E6BB039AF204}.Debug|x86.ActiveCfg = Debug|Any CPU
		{79870529-EED6-485F-A4EE-E6BB039AF204}.Debug|x86.Build.0 = Debug|Any CPU
		{79870529-EED6-485F-A4EE-E6BB039AF204}.Release|Any CPU.ActiveCfg = Release|Any CPU
		{79870529-EED6-485F-A4EE-E6BB039AF204}.Release|Any CPU.Build.0 = Release|Any CPU
		{79870529-EED6-485F-A4EE-E6BB039AF204}.Release|x64.ActiveCfg = Release|Any CPU
		{79870529-EED6-485F-A4EE-E6BB039AF204}.Release|x64.Build.0 = Release|Any CPU
		{79870529-EED6-485F-A4EE-E6BB039AF204}.Release|x86.ActiveCfg = Release|Any CPU
		{79870529-EED6-485F-A4EE-E6BB039AF204}.Release|x86.Build.0 = Release|Any CPU
		{C2C2C2C2-C2C2-C2C2-C2C2-C2C2C2C2C2C2}.Debug|Any CPU.ActiveCfg = Debug|Any CPU
		{C2C2C2C2-C2C2-C2C2-C2C2-C2C2C2C2C2C2}.Debug|Any CPU.Build.0 = Debug|Any CPU
		{C2C2C2C2-C2C2-C2C2-C2C2-C2C2C2C2C2C2}.Debug|x64.ActiveCfg = Debug|Any CPU
		{C2C2C2C2-C2C2-C2C2-C2C2-C2C2C2C2C2C2}.Debug|x64.Build.0 = Debug|Any CPU
		{C2C2C2C2-C2C2-C2C2-C2C2-C2C2C2C2C2C2}.Debug|x86.ActiveCfg = Debug|Any CPU
		{C2C2C2C2-C2C2-C2C2-C2C2-C2C2C2C2C2C2}.Debug|x86.Build.0 = Debug|Any CPU
		{C2C2C2C2-C2C2-C2C2-C2C2-C2C2C2C2C2C2}.Release|Any CPU.ActiveCfg = Release|Any CPU
		{C2C2C2C2-C2C2-C2C2-C2C2-C2C2C2C2C2C2}.Release|Any CPU.Build.0 = Release|Any CPU
		{C2C2C2C2-C2C2-C2C2-C2C2-C2C2C2C2C2C2}.Release|x64.ActiveCfg = Release|Any CPU
		{C2C2C2C2-C2C2-C2C2-C2C2-C2C2C2C2C2C2}.Release|x64.Build.0 = Release|Any CPU
		{C2C2C2C2-C2C2-C2C2-C2C2-C2C2C2C2C2C2}.Release|x86.ActiveCfg = Release|Any CPU
		{C2C2C2C2-C2C2-C2C2-C2C2-C2C2C2C2C2C2}.Release|x86.Build.0 = Release|Any CPU
		{D3D3D3D3-D3D3-D3D3-D3D3-D3D3D3D3D3D3}.Debug|Any CPU.ActiveCfg = Debug|Any CPU
		{D3D3D3D3-D3D3-D3D3-D3D3-D3D3D3D3D3D3}.Debug|Any CPU.Build.0 = Debug|Any CPU
		{D3D3D3D3-D3D3-D3D3-D3D3-D3D3D3D3D3D3}.Debug|x64.ActiveCfg = Debug|Any CPU
		{D3D3D3D3-D3D3-D3D3-D3D3-D3D3D3D3D3D3}.Debug|x64.Build.0 = Debug|Any CPU
		{D3D3D3D3-D3D3-D3D3-D3D3-D3D3D3D3D3D3}.Debug|x86.ActiveCfg = Debug|Any CPU
		{D3D3D3D3-D3D3-D3D3-D3D3-D3D3D3D3D3D3}.Debug|x86.Build.0 = Debug|Any CPU
		{D3D3D3D3-D3D3-D3D3-D3D3-D3D3D3D3D3D3}.Release|Any CPU.ActiveCfg = Release|Any CPU
		{D3D3D3D3-D3D3-D3D3-D3D3-D3D3D3D3D3D3}.Release|Any CPU.Build.0 = Release|Any CPU
		{D3D3D3D3-D3D3-D3D3-D3D3-D3D3D3D3D3D3}.Release|x64.ActiveCfg = Release|Any CPU
		{D3D3D3D3-D3D3-D3D3-D3D3-D3D3D3D3D3D3}.Release|x64.Build.0 = Release|Any CPU
		{D3D3D3D3-D3D3-D3D3-D3D3-D3D3D3D3D3D3}.Release|x86.ActiveCfg = Release|Any CPU
		{D3D3D3D3-D3D3-D3D3-D3D3-D3D3D3D3D3D3}.Release|x86.Build.0 = Release|Any CPU
	EndGlobalSection
	GlobalSection(SolutionProperties) = preSolution
		HideSolutionNode = FALSE
	EndGlobalSection
	GlobalSection(NestedProjects) = preSolution
		{94A92B37-3A57-4B4C-B5F1-858C874A0DBD} = {F9F9F9F9-9999-9999-9999-999999999999}
		{2856D8C7-B3EB-432C-8B96-207E2609DE01} = {F9F9F9F9-9999-9999-9999-999999999999}
		{E8E8E8E8-8888-8888-8888-888888888888} = {C3AF9A58-F96B-4044-9025-363AFE51391A}
		{F9F9F9F9-9999-9999-9999-999999999999} = {E8E8E8E8-8888-8888-8888-888888888888}
		{A0A0A0A0-A0A0-A0A0-A0A0-A0A0A0A0A0A0} = {5A07AFCE-8427-4F5A-9003-32EBCAA17175}
		{B1B1B1B1-B1B1-B1B1-B1B1-B1B1B1B1B1B1} = {A0A0A0A0-A0A0-A0A0-A0A0-A0A0A0A0A0A0}
		{EC7BB35D-1121-4EC4-8148-C8466CB86513} = {F9F9F9F9-9999-9999-9999-999999999999}
		{9A62E0CA-E191-4D40-8F49-145FA13E6DDB} = {F9F9F9F9-9999-9999-9999-999999999999}
		{1B179D22-49E5-4F17-A746-18C518313E39} = {B1B1B1B1-B1B1-B1B1-B1B1-B1B1B1B1B1B1}
		{A06A883D-73EC-40DD-AA67-A202CAA5F9DF} = {F9F9F9F9-9999-9999-9999-999999999999}
		{40DDBBCB-6FE2-CDA5-27FA-EB41DA00CD8D} = {C3AF9A58-F96B-4044-9025-363AFE51391A}
		{129AA0AD-3EC2-4426-8B27-81F4617420DF} = {40DDBBCB-6FE2-CDA5-27FA-EB41DA00CD8D}
		{E7FBF537-6E36-89AB-8E60-50FC035F648F} = {40DDBBCB-6FE2-CDA5-27FA-EB41DA00CD8D}
		{598A2ECB-29AC-4345-B5E6-D8AB927D4289} = {E7FBF537-6E36-89AB-8E60-50FC035F648F}
		{42DB2176-3046-4BE6-A4C0-428400328E7E} = {E7FBF537-6E36-89AB-8E60-50FC035F648F}
		{664B3E25-5563-535D-25E7-37744944AB23} = {C3AF9A58-F96B-4044-9025-363AFE51391A}
		{1593AC17-25E0-4F27-B373-AF913F6693FD} = {664B3E25-5563-535D-25E7-37744944AB23}
		{6ACFCF86-809A-4302-986C-E9C0F68996AE} = {664B3E25-5563-535D-25E7-37744944AB23}
		{1259A7EF-6DA3-4D4A-B3C4-11F66C2DF204} = {664B3E25-5563-535D-25E7-37744944AB23}
		{E6BABA48-28E9-4089-9DBB-815C5439C806} = {664B3E25-5563-535D-25E7-37744944AB23}
		{A1B2C3D4-E5F6-7890-ABCD-EF1234567890} = {664B3E25-5563-535D-25E7-37744944AB23}
		{B2C3D4E5-F6A7-8901-BCDE-F12345678901} = {664B3E25-5563-535D-25E7-37744944AB23}
		{79870529-EED6-485F-A4EE-E6BB039AF204} = {5A07AFCE-8427-4F5A-9003-32EBCAA17175}
		{D1D1D1D1-D1D1-D1D1-D1D1-D1D1D1D1D1D1} = {C3AF9A58-F96B-4044-9025-363AFE51391A}
		{C2C2C2C2-C2C2-C2C2-C2C2-C2C2C2C2C2C2} = {D1D1D1D1-D1D1-D1D1-D1D1-D1D1D1D1D1D1}
		{D3D3D3D3-D3D3-D3D3-D3D3-D3D3D3D3D3D3} = {D1D1D1D1-D1D1-D1D1-D1D1-D1D1D1D1D1D1}
	EndGlobalSection
	GlobalSection(ExtensibilityGlobals) = postSolution
		SolutionGuid = {43421668-53C5-4D00-AC8D-2D7150CE1FA2}
	EndGlobalSection
EndGlobal
